
Microsoft Visual Studio Solution File, Format Version 12.00
# Visual Studio 15
VisualStudioVersion = 15.0.28010.2050
MinimumVisualStudioVersion = 10.0.40219.1
Project("{FAE04EC0-301F-11D3-BF4B-00C04F79EFBC}") = "CreditCardInterestCalculator", "CreditCardInterestCalculator\CreditCardInterestCalculator.csproj", "{B1D44399-82D1-4B90-8F8D-99C3CEF06EA9}"
EndProject
Project("{FAE04EC0-301F-11D3-BF4B-00C04F79EFBC}") = "CreditCardInterestCalculator.Tests", "CreditCardInterestCalculator.Tests\CreditCardInterestCalculator.Tests.csproj", "{4A27803F-98ED-4FB3-A6C6-36E04A5B1614}"
EndProject
Global
	GlobalSection(SolutionConfigurationPlatforms) = preSolution
		Debug|Any CPU = Debug|Any CPU
		Release|Any CPU = Release|Any CPU
	EndGlobalSection
	GlobalSection(ProjectConfigurationPlatforms) = postSolution
		{B1D44399-82D1-4B90-8F8D-99C3CEF06EA9}.Debug|Any CPU.ActiveCfg = Debug|Any CPU
		{B1D44399-82D1-4B90-8F8D-99C3CEF06EA9}.Debug|Any CPU.Build.0 = Debug|Any CPU
		{B1D44399-82D1-4B90-8F8D-99C3CEF06EA9}.Release|Any CPU.ActiveCfg = Release|Any CPU
		{B1D44399-82D1-4B90-8F8D-99C3CEF06EA9}.Release|Any CPU.Build.0 = Release|Any CPU
		{4A27803F-98ED-4FB3-A6C6-36E04A5B1614}.Debug|Any CPU.ActiveCfg = Debug|Any CPU
		{4A27803F-98ED-4FB3-A6C6-36E04A5B1614}.Debug|Any CPU.Build.0 = Debug|Any CPU
		{4A27803F-98ED-4FB3-A6C6-36E04A5B1614}.Release|Any CPU.ActiveCfg = Release|Any CPU
		{4A27803F-98ED-4FB3-A6C6-36E04A5B1614}.Release|Any CPU.Build.0 = Release|Any CPU
	EndGlobalSection
	GlobalSection(SolutionProperties) = preSolution
		HideSolutionNode = FALSE
	EndGlobalSection
	GlobalSection(ExtensibilityGlobals) = postSolution
		SolutionGuid = {942FA9AE-3B44-4EF9-9A28-6A94FA3053C5}
	EndGlobalSection
EndGlobal
